
Microsoft Visual Studio Solution File, Format Version 12.00
# Visual Studio 15
VisualStudioVersion = 15.0.28010.2036
MinimumVisualStudioVersion = 10.0.40219.1
Project("{FAE04EC0-301F-11D3-BF4B-00C04F79EFBC}") = "Fenestrate", "src\Fenestrate\Fenestrate.csproj", "{3827D62E-A81E-4E83-B36D-7775B07B435F}"
EndProject
Global
	GlobalSection(SolutionConfigurationPlatforms) = preSolution
		Debug|Any CPU = Debug|Any CPU
		Release|Any CPU = Release|Any CPU
	EndGlobalSection
	GlobalSection(ProjectConfigurationPlatforms) = postSolution
		{3827D62E-A81E-4E83-B36D-7775B07B435F}.Debug|Any CPU.ActiveCfg = Debug|Any CPU
		{3827D62E-A81E-4E83-B36D-7775B07B435F}.Debug|Any CPU.Build.0 = Debug|Any CPU
		{3827D62E-A81E-4E83-B36D-7775B07B435F}.Release|Any CPU.ActiveCfg = Release|Any CPU
		{3827D62E-A81E-4E83-B36D-7775B07B435F}.Release|Any CPU.Build.0 = Release|Any CPU
	EndGlobalSection
	GlobalSection(SolutionProperties) = preSolution
		HideSolutionNode = FALSE
	EndGlobalSection
	GlobalSection(ExtensibilityGlobals) = postSolution
		SolutionGuid = {1C3C8692-CB1D-417F-9449-7B8BDDDC7AF5}
	EndGlobalSection
EndGlobal
